
Microsoft Visual Studio Solution File, Format Version 12.00
# Visual Studio Version 17
VisualStudioVersion = 17.5.33502.453
MinimumVisualStudioVersion = 10.0.40219.1
Project("{8BC9CEB8-8B4A-11D0-8D11-00A0C91BC942}") = "lab9.2", "lab9.2.vcxproj", "{EB57B3CD-F787-4760-80D8-A85E1CA13C23}"
EndProject
Project("{8BC9CEB8-8B4A-11D0-8D11-00A0C91BC942}") = "UnitTest9.2", "UnitTest9.2\UnitTest9.2.vcxproj", "{CDAE04D2-FA94-4F67-840E-3B9406C0FDE1}"
EndProject
Global
	GlobalSection(SolutionConfigurationPlatforms) = preSolution
		Debug|x64 = Debug|x64
		Debug|x86 = Debug|x86
		Release|x64 = Release|x64
		Release|x86 = Release|x86
	EndGlobalSection
	GlobalSection(ProjectConfigurationPlatforms) = postSolution
		{EB57B3CD-F787-4760-80D8-A85E1CA13C23}.Debug|x64.ActiveCfg = Debug|x64
		{EB57B3CD-F787-4760-80D8-A85E1CA13C23}.Debug|x64.Build.0 = Debug|x64
		{EB57B3CD-F787-4760-80D8-A85E1CA13C23}.Debug|x86.ActiveCfg = Debug|Win32
		{EB57B3CD-F787-4760-80D8-A85E1CA13C23}.Debug|x86.Build.0 = Debug|Win32
		{EB57B3CD-F787-4760-80D8-A85E1CA13C23}.Release|x64.ActiveCfg = Release|x64
		{EB57B3CD-F787-4760-80D8-A85E1CA13C23}.Release|x64.Build.0 = Release|x64
		{EB57B3CD-F787-4760-80D8-A85E1CA13C23}.Release|x86.ActiveCfg = Release|Win32
		{EB57B3CD-F787-4760-80D8-A85E1CA13C23}.Release|x86.Build.0 = Release|Win32
		{CDAE04D2-FA94-4F67-840E-3B9406C0FDE1}.Debug|x64.ActiveCfg = Debug|x64
		{CDAE04D2-FA94-4F67-840E-3B9406C0FDE1}.Debug|x64.Build.0 = Debug|x64
		{CDAE04D2-FA94-4F67-840E-3B9406C0FDE1}.Debug|x86.ActiveCfg = Debug|Win32
		{CDAE04D2-FA94-4F67-840E-3B9406C0FDE1}.Debug|x86.Build.0 = Debug|Win32
		{CDAE04D2-FA94-4F67-840E-3B9406C0FDE1}.Release|x64.ActiveCfg = Release|x64
		{CDAE04D2-FA94-4F67-840E-3B9406C0FDE1}.Release|x64.Build.0 = Release|x64
		{CDAE04D2-FA94-4F67-840E-3B9406C0FDE1}.Release|x86.ActiveCfg = Release|Win32
		{CDAE04D2-FA94-4F67-840E-3B9406C0FDE1}.Release|x86.Build.0 = Release|Win32
	EndGlobalSection
	GlobalSection(SolutionProperties) = preSolution
		HideSolutionNode = FALSE
	EndGlobalSection
	GlobalSection(ExtensibilityGlobals) = postSolution
		SolutionGuid = {371EDA43-13FD-4272-B03E-99C0DE6FA902}
	EndGlobalSection
EndGlobal
